
Microsoft Visual Studio Solution File, Format Version 11.00
# Visual Studio 2010
Project("{FAE04EC0-301F-11D3-BF4B-00C04F79EFBC}") = "Hash-table", "Hash-table\Hash-table.csproj", "{F6F17E04-700C-4238-B830-0FCFD1138A27}"
EndProject
Project("{2150E333-8FDC-42A3-9474-1A3956D46DE8}") = "Solution Items", "Solution Items", "{2830CD18-96A9-4720-A56D-F4C710B6555A}"
	ProjectSection(SolutionItems) = preProject
		Hash-table.vsmdi = Hash-table.vsmdi
		Local.testsettings = Local.testsettings
		TraceAndTestImpact.testsettings = TraceAndTestImpact.testsettings
	EndProjectSection
EndProject
Project("{FAE04EC0-301F-11D3-BF4B-00C04F79EFBC}") = "MyHashTable.Test", "MyHashTable.Test\MyHashTable.Test.csproj", "{469969D0-6D33-47A1-9778-EB56E0CBEA5D}"
EndProject
Global
	GlobalSection(TestCaseManagementSettings) = postSolution
		CategoryFile = Hash-table.vsmdi
	EndGlobalSection
	GlobalSection(SolutionConfigurationPlatforms) = preSolution
		Debug|Any CPU = Debug|Any CPU
		Debug|Mixed Platforms = Debug|Mixed Platforms
		Debug|x86 = Debug|x86
		Release|Any CPU = Release|Any CPU
		Release|Mixed Platforms = Release|Mixed Platforms
		Release|x86 = Release|x86
	EndGlobalSection
	GlobalSection(ProjectConfigurationPlatforms) = postSolution
		{F6F17E04-700C-4238-B830-0FCFD1138A27}.Debug|Any CPU.ActiveCfg = Debug|x86
		{F6F17E04-700C-4238-B830-0FCFD1138A27}.Debug|Mixed Platforms.ActiveCfg = Debug|x86
		{F6F17E04-700C-4238-B830-0FCFD1138A27}.Debug|Mixed Platforms.Build.0 = Debug|x86
		{F6F17E04-700C-4238-B830-0FCFD1138A27}.Debug|x86.ActiveCfg = Debug|x86
		{F6F17E04-700C-4238-B830-0FCFD1138A27}.Debug|x86.Build.0 = Debug|x86
		{F6F17E04-700C-4238-B830-0FCFD1138A27}.Release|Any CPU.ActiveCfg = Release|x86
		{F6F17E04-700C-4238-B830-0FCFD1138A27}.Release|Mixed Platforms.ActiveCfg = Release|x86
		{F6F17E04-700C-4238-B830-0FCFD1138A27}.Release|Mixed Platforms.Build.0 = Release|x86
		{F6F17E04-700C-4238-B830-0FCFD1138A27}.Release|x86.ActiveCfg = Release|x86
		{F6F17E04-700C-4238-B830-0FCFD1138A27}.Release|x86.Build.0 = Release|x86
		{469969D0-6D33-47A1-9778-EB56E0CBEA5D}.Debug|Any CPU.ActiveCfg = Debug|Any CPU
		{469969D0-6D33-47A1-9778-EB56E0CBEA5D}.Debug|Any CPU.Build.0 = Debug|Any CPU
		{469969D0-6D33-47A1-9778-EB56E0CBEA5D}.Debug|Mixed Platforms.ActiveCfg = Debug|Any CPU
		{469969D0-6D33-47A1-9778-EB56E0CBEA5D}.Debug|Mixed Platforms.Build.0 = Debug|Any CPU
		{469969D0-6D33-47A1-9778-EB56E0CBEA5D}.Debug|x86.ActiveCfg = Debug|Any CPU
		{469969D0-6D33-47A1-9778-EB56E0CBEA5D}.Release|Any CPU.ActiveCfg = Release|Any CPU
		{469969D0-6D33-47A1-9778-EB56E0CBEA5D}.Release|Any CPU.Build.0 = Release|Any CPU
		{469969D0-6D33-47A1-9778-EB56E0CBEA5D}.Release|Mixed Platforms.ActiveCfg = Release|Any CPU
		{469969D0-6D33-47A1-9778-EB56E0CBEA5D}.Release|Mixed Platforms.Build.0 = Release|Any CPU
		{469969D0-6D33-47A1-9778-EB56E0CBEA5D}.Release|x86.ActiveCfg = Release|Any CPU
	EndGlobalSection
	GlobalSection(SolutionProperties) = preSolution
		HideSolutionNode = FALSE
	EndGlobalSection
	GlobalSection(NestedProjects) = preSolution
		{469969D0-6D33-47A1-9778-EB56E0CBEA5D} = {2830CD18-96A9-4720-A56D-F4C710B6555A}
	EndGlobalSection
EndGlobal
